
Microsoft Visual Studio Solution File, Format Version 12.00
# Visual Studio Version 17
VisualStudioVersion = 17.14.36310.24
MinimumVisualStudioVersion = 10.0.40219.1
Project("{FAE04EC0-301F-11D3-BF4B-00C04F79EFBC}") = "Sample_exercise", "Sample_exercise\Sample_exercise.csproj", "{C020E7DE-FD72-4DBD-A810-CE672AF81CF7}"
EndProject
Project("{FAE04EC0-301F-11D3-BF4B-00C04F79EFBC}") = "PPTSafeCommands", "PPTSafeCommands\PPTSafeCommands.csproj", "{3FDF920C-A9BD-4DC7-B08D-A0B280E7B9CD}"
EndProject
Global
	GlobalSection(SolutionConfigurationPlatforms) = preSolution
		Debug|Any CPU = Debug|Any CPU
		Release|Any CPU = Release|Any CPU
	EndGlobalSection
	GlobalSection(ProjectConfigurationPlatforms) = postSolution
		{C020E7DE-FD72-4DBD-A810-CE672AF81CF7}.Debug|Any CPU.ActiveCfg = Debug|Any CPU
		{C020E7DE-FD72-4DBD-A810-CE672AF81CF7}.Debug|Any CPU.Build.0 = Debug|Any CPU
		{C020E7DE-FD72-4DBD-A810-CE672AF81CF7}.Release|Any CPU.ActiveCfg = Release|Any CPU
		{C020E7DE-FD72-4DBD-A810-CE672AF81CF7}.Release|Any CPU.Build.0 = Release|Any CPU
		{3FDF920C-A9BD-4DC7-B08D-A0B280E7B9CD}.Debug|Any CPU.ActiveCfg = Debug|Any CPU
		{3FDF920C-A9BD-4DC7-B08D-A0B280E7B9CD}.Debug|Any CPU.Build.0 = Debug|Any CPU
		{3FDF920C-A9BD-4DC7-B08D-A0B280E7B9CD}.Release|Any CPU.ActiveCfg = Release|Any CPU
		{3FDF920C-A9BD-4DC7-B08D-A0B280E7B9CD}.Release|Any CPU.Build.0 = Release|Any CPU
	EndGlobalSection
	GlobalSection(SolutionProperties) = preSolution
		HideSolutionNode = FALSE
	EndGlobalSection
	GlobalSection(ExtensibilityGlobals) = postSolution
		SolutionGuid = {205EA4C7-1939-4E52-B7CD-BFB292A3E2CC}
	EndGlobalSection
EndGlobal
